{
  "name": "server",
  "version": "1.0.0",
  "lockfileVersion": 1,
  "requires": true,
  "dependencies": {
    "base64-js": {
      "version": "1.3.0",
      "resolved": "https://registry.npmjs.org/base64-js/-/base64-js-1.3.0.tgz",
      "integrity": "sha512-ccav/yGvoa80BQDljCxsmmQ3Xvx60/UpBIij5QN21W3wBi/hhIC9OoO+KLpu9IJTS9j4DRVJ3aDDF9cMSoa2lw=="
    },
    "buffer": {
      "version": "5.2.1",
      "resolved": "https://registry.npmjs.org/buffer/-/buffer-5.2.1.tgz",
      "integrity": "sha512-c+Ko0loDaFfuPWiL02ls9Xd3GO3cPVmUobQ6t3rXNUk304u6hGq+8N/kFi+QEIKhzK3uwolVhLzszmfLmMLnqg==",
      "requires": {
        "base64-js": "^1.0.2",
        "ieee754": "^1.1.4"
      }
    },
    "circular-json": {
      "version": "0.5.9",
      "resolved": "https://registry.npmjs.org/circular-json/-/circular-json-0.5.9.tgz",
      "integrity": "sha512-4ivwqHpIFJZBuhN3g/pEcdbnGUywkBblloGbkglyloVjjR3uT6tieI89MVOfbP2tHX5sgb01FuLgAOzebNlJNQ=="
    },
    "core-util-is": {
      "version": "1.0.2",
      "resolved": "https://registry.npmjs.org/core-util-is/-/core-util-is-1.0.2.tgz",
      "integrity": "sha1-tf1UIgqivFq1eqtxQMlAdUUDwac="
    },
    "crc": {
      "version": "3.8.0",
      "resolved": "https://registry.npmjs.org/crc/-/crc-3.8.0.tgz",
      "integrity": "sha512-iX3mfgcTMIq3ZKLIsVFAbv7+Mc10kxabAGQb8HvjA1o3T1PIYprbakQ65d3I+2HGHt6nSKkM9PYjgoJO2KcFBQ==",
      "requires": {
        "buffer": "^5.1.0"
      }
    },
    "date-format": {
      "version": "1.2.0",
      "resolved": "https://registry.npmjs.org/date-format/-/date-format-1.2.0.tgz",
      "integrity": "sha1-YV6CjiM90aubua4JUODOzPpuytg="
    },
    "debug": {
      "version": "3.2.6",
      "resolved": "https://registry.npmjs.org/debug/-/debug-3.2.6.tgz",
      "integrity": "sha512-mel+jf7nrtEl5Pn1Qx46zARXKDpBbvzezse7p7LqINmdoIk8PYP5SySaxEmYv6TZ0JyEKA1hsCId6DIhgITtWQ==",
      "requires": {
        "ms": "^2.1.1"
      }
    },
    "ieee754": {
      "version": "1.1.12",
      "resolved": "https://registry.npmjs.org/ieee754/-/ieee754-1.1.12.tgz",
      "integrity": "sha512-GguP+DRY+pJ3soyIiGPTvdiVXjZ+DbXOxGpXn3eMvNW4x4irjqXm4wHKscC+TfxSJ0yw/S1F24tqdMNsMZTiLA=="
    },
    "inherits": {
      "version": "2.0.3",
      "resolved": "https://registry.npmjs.org/inherits/-/inherits-2.0.3.tgz",
      "integrity": "sha1-Yzwsg+PaQqUC9SRmAiSA9CCCYd4="
    },
    "is-class-hotfix": {
      "version": "0.0.6",
      "resolved": "https://registry.npmjs.org/is-class-hotfix/-/is-class-hotfix-0.0.6.tgz",
      "integrity": "sha512-0n+pzCC6ICtVr/WXnN2f03TK/3BfXY7me4cjCAqT8TYXEl0+JBRoqBo94JJHXcyDSLUeWbNX8Fvy5g5RJdAstQ=="
    },
    "is-type-of": {
      "version": "1.2.1",
      "resolved": "https://registry.npmjs.org/is-type-of/-/is-type-of-1.2.1.tgz",
      "integrity": "sha512-uK0kyX9LZYhSDS7H2sVJQJop1UnWPWmo5RvR3q2kFH6AUHYs7sOrVg0b4nyBHw29kRRNFofYN/JbHZDlHiItTA==",
      "requires": {
        "core-util-is": "^1.0.2",
        "is-class-hotfix": "~0.0.6",
        "isstream": "~0.1.2"
      }
    },
    "isarray": {
      "version": "1.0.0",
      "resolved": "https://registry.npmjs.org/isarray/-/isarray-1.0.0.tgz",
      "integrity": "sha1-u5NdSFgsuhaMBoNJV6VKPgcSTxE="
    },
    "isstream": {
      "version": "0.1.2",
      "resolved": "https://registry.npmjs.org/isstream/-/isstream-0.1.2.tgz",
      "integrity": "sha1-R+Y/evVa+m+S4VAOaQ64uFKcCZo="
    },
    "koa-session": {
      "version": "5.10.1",
      "resolved": "https://registry.npmjs.org/koa-session/-/koa-session-5.10.1.tgz",
      "integrity": "sha512-N6i1kaypXcltNes+r1LSC/W8Y6mdEbnaLfhaUi0cqhA0/9snPMuh5aU7jjQzbCHc1twe7GJJQtG5ZdsNoArcZA==",
      "requires": {
        "crc": "^3.4.4",
        "debug": "^3.1.0",
        "is-type-of": "^1.0.0",
        "uid-safe": "^2.1.3"
      }
    },
    "log4js": {
      "version": "3.0.6",
      "resolved": "https://registry.npmjs.org/log4js/-/log4js-3.0.6.tgz",
      "integrity": "sha512-ezXZk6oPJCWL483zj64pNkMuY/NcRX5MPiB0zE6tjZM137aeusrOnW1ecxgF9cmwMWkBMhjteQxBPoZBh9FDxQ==",
      "requires": {
        "circular-json": "^0.5.5",
        "date-format": "^1.2.0",
        "debug": "^3.1.0",
        "rfdc": "^1.1.2",
        "streamroller": "0.7.0"
      }
    },
    "minimist": {
      "version": "0.0.8",
      "resolved": "http://registry.npmjs.org/minimist/-/minimist-0.0.8.tgz",
      "integrity": "sha1-hX/Kv8M5fSYluCKCYuhqp6ARsF0="
    },
    "mkdirp": {
      "version": "0.5.1",
      "resolved": "http://registry.npmjs.org/mkdirp/-/mkdirp-0.5.1.tgz",
      "integrity": "sha1-MAV0OOrGz3+MR2fzhkjWaX11yQM=",
      "requires": {
        "minimist": "0.0.8"
      }
    },
    "ms": {
      "version": "2.1.1",
      "resolved": "https://registry.npmjs.org/ms/-/ms-2.1.1.tgz",
      "integrity": "sha512-tgp+dl5cGk28utYktBsrFqA7HKgrhgPsg6Z/EfhWI4gl1Hwq8B/GmY/0oXZ6nF8hDVesS/FpnYaD/kOWhYQvyg=="
    },
    "process-nextick-args": {
      "version": "2.0.0",
      "resolved": "https://registry.npmjs.org/process-nextick-args/-/process-nextick-args-2.0.0.tgz",
      "integrity": "sha512-MtEC1TqN0EU5nephaJ4rAtThHtC86dNN9qCuEhtshvpVBkAW5ZO7BASN9REnF9eoXGcRub+pFuKEpOHE+HbEMw=="
    },
    "random-bytes": {
      "version": "1.0.0",
      "resolved": "https://registry.npmjs.org/random-bytes/-/random-bytes-1.0.0.tgz",
      "integrity": "sha1-T2ih3Arli9P7lYSMMDJNt11kNgs="
    },
    "readable-stream": {
      "version": "2.3.6",
      "resolved": "http://registry.npmjs.org/readable-stream/-/readable-stream-2.3.6.tgz",
      "integrity": "sha512-tQtKA9WIAhBF3+VLAseyMqZeBjW0AHJoxOtYqSUZNJxauErmLbVm2FW1y+J/YA9dUrAC39ITejlZWhVIwawkKw==",
      "requires": {
        "core-util-is": "~1.0.0",
        "inherits": "~2.0.3",
        "isarray": "~1.0.0",
        "process-nextick-args": "~2.0.0",
        "safe-buffer": "~5.1.1",
        "string_decoder": "~1.1.1",
        "util-deprecate": "~1.0.1"
      }
    },
    "rfdc": {
      "version": "1.1.2",
      "resolved": "https://registry.npmjs.org/rfdc/-/rfdc-1.1.2.tgz",
      "integrity": "sha512-92ktAgvZhBzYTIK0Mja9uen5q5J3NRVMoDkJL2VMwq6SXjVCgqvQeVP2XAaUY6HT+XpQYeLSjb3UoitBryKmdA=="
    },
    "safe-buffer": {
      "version": "5.1.2",
      "resolved": "https://registry.npmjs.org/safe-buffer/-/safe-buffer-5.1.2.tgz",
      "integrity": "sha512-Gd2UZBJDkXlY7GbJxfsE8/nvKkUEU1G38c1siN6QP6a9PT9MmHB8GnpscSmMJSoF8LOIrt8ud/wPtojys4G6+g=="
    },
    "streamroller": {
      "version": "0.7.0",
      "resolved": "https://registry.npmjs.org/streamroller/-/streamroller-0.7.0.tgz",
      "integrity": "sha512-WREzfy0r0zUqp3lGO096wRuUp7ho1X6uo/7DJfTlEi0Iv/4gT7YHqXDjKC2ioVGBZtE8QzsQD9nx1nIuoZ57jQ==",
      "requires": {
        "date-format": "^1.2.0",
        "debug": "^3.1.0",
        "mkdirp": "^0.5.1",
        "readable-stream": "^2.3.0"
      }
    },
    "string_decoder": {
      "version": "1.1.1",
      "resolved": "http://registry.npmjs.org/string_decoder/-/string_decoder-1.1.1.tgz",
      "integrity": "sha512-n/ShnvDi6FHbbVfviro+WojiFzv+s8MPMHBczVePfUpDJLwoLT0ht1l4YwBCbi8pJAveEEdnkHyPyTP/mzRfwg==",
      "requires": {
        "safe-buffer": "~5.1.0"
      }
    },
    "uid-safe": {
      "version": "2.1.5",
      "resolved": "https://registry.npmjs.org/uid-safe/-/uid-safe-2.1.5.tgz",
      "integrity": "sha512-KPHm4VL5dDXKz01UuEd88Df+KzynaohSL9fBh096KWAxSKZQDI2uBrVqtvRM4rwrIrRRKsdLNML/lnaaVSRioA==",
      "requires": {
        "random-bytes": "~1.0.0"
      }
    },
    "util-deprecate": {
      "version": "1.0.2",
      "resolved": "https://registry.npmjs.org/util-deprecate/-/util-deprecate-1.0.2.tgz",
      "integrity": "sha1-RQ1Nyfpw3nMnYvvS1KKJgUGaDM8="
    }
  }
}
